
Microsoft Visual Studio Solution File, Format Version 11.00
# Visual Studio 2010
Project("{FAE04EC0-301F-11D3-BF4B-00C04F79EFBC}") = "AbstractCompare", "AbstractCompare\AbstractCompare.csproj", "{18A4D102-9EC9-4F1D-A64B-E24656DF1E5A}"
EndProject
Global
	GlobalSection(SolutionConfigurationPlatforms) = preSolution
		Debug|x86 = Debug|x86
		Release|x86 = Release|x86
	EndGlobalSection
	GlobalSection(ProjectConfigurationPlatforms) = postSolution
		{18A4D102-9EC9-4F1D-A64B-E24656DF1E5A}.Debug|x86.ActiveCfg = Debug|x86
		{18A4D102-9EC9-4F1D-A64B-E24656DF1E5A}.Debug|x86.Build.0 = Debug|x86
		{18A4D102-9EC9-4F1D-A64B-E24656DF1E5A}.Release|x86.ActiveCfg = Release|x86
		{18A4D102-9EC9-4F1D-A64B-E24656DF1E5A}.Release|x86.Build.0 = Release|x86
	EndGlobalSection
	GlobalSection(SolutionProperties) = preSolution
		HideSolutionNode = FALSE
	EndGlobalSection
EndGlobal
